
Microsoft Visual Studio Solution File, Format Version 12.00
# Visual Studio Version 17
VisualStudioVersion = 17.9.34728.123
MinimumVisualStudioVersion = 10.0.40219.1
Project("{9A19103F-16F7-4668-BE54-9A1E7A4F7556}") = "BitMatrixLib", "BitMatrixLib\BitMatrixLib.csproj", "{12B02399-6098-452C-BE74-EA0BDBCA7780}"
EndProject
Project("{FAE04EC0-301F-11D3-BF4B-00C04F79EFBC}") = "BitMatrixConsoleApp", "BitMatrixConsoleApp\BitMatrixConsoleApp.csproj", "{32D5A2C2-E8D0-4627-B546-B7C34527BDD0}"
EndProject
Global
	GlobalSection(SolutionConfigurationPlatforms) = preSolution
		Debug|Any CPU = Debug|Any CPU
		Release|Any CPU = Release|Any CPU
	EndGlobalSection
	GlobalSection(ProjectConfigurationPlatforms) = postSolution
		{12B02399-6098-452C-BE74-EA0BDBCA7780}.Debug|Any CPU.ActiveCfg = Debug|Any CPU
		{12B02399-6098-452C-BE74-EA0BDBCA7780}.Debug|Any CPU.Build.0 = Debug|Any CPU
		{12B02399-6098-452C-BE74-EA0BDBCA7780}.Release|Any CPU.ActiveCfg = Release|Any CPU
		{12B02399-6098-452C-BE74-EA0BDBCA7780}.Release|Any CPU.Build.0 = Release|Any CPU
		{32D5A2C2-E8D0-4627-B546-B7C34527BDD0}.Debug|Any CPU.ActiveCfg = Debug|Any CPU
		{32D5A2C2-E8D0-4627-B546-B7C34527BDD0}.Debug|Any CPU.Build.0 = Debug|Any CPU
		{32D5A2C2-E8D0-4627-B546-B7C34527BDD0}.Release|Any CPU.ActiveCfg = Release|Any CPU
		{32D5A2C2-E8D0-4627-B546-B7C34527BDD0}.Release|Any CPU.Build.0 = Release|Any CPU
	EndGlobalSection
	GlobalSection(SolutionProperties) = preSolution
		HideSolutionNode = FALSE
	EndGlobalSection
	GlobalSection(ExtensibilityGlobals) = postSolution
		SolutionGuid = {3860123B-FC1D-4322-8D01-040532B5219A}
	EndGlobalSection
EndGlobal
